
Microsoft Visual Studio Solution File, Format Version 12.00
# Visual Studio Version 17
VisualStudioVersion = 17.4.33110.190
MinimumVisualStudioVersion = 10.0.40219.1
Project("{FAE04EC0-301F-11D3-BF4B-00C04F79EFBC}") = "BlogApp.Shared", "BlogApp.Shared\BlogApp.Shared.csproj", "{4CD152AD-1DAC-4D02-A2FC-3779BE2FCBCF}"
EndProject
Project("{FAE04EC0-301F-11D3-BF4B-00C04F79EFBC}") = "BlogApp.Entities", "BlogApp.Entities\BlogApp.Entities.csproj", "{A2398BE5-9618-4339-90F9-DE6409049FF4}"
EndProject
Project("{FAE04EC0-301F-11D3-BF4B-00C04F79EFBC}") = "BlogApp.Data", "BlogApp.Data\BlogApp.Data.csproj", "{180D5258-DC98-4148-9774-8026593F69E2}"
EndProject
Project("{FAE04EC0-301F-11D3-BF4B-00C04F79EFBC}") = "BlogApp.Services", "BlogApp.Services\BlogApp.Services.csproj", "{62832AA9-B683-4625-BFD3-64DCFB13E249}"
EndProject
Project("{FAE04EC0-301F-11D3-BF4B-00C04F79EFBC}") = "BlogApp.UI", "BlogApp.UI\BlogApp.UI.csproj", "{21EE71A7-0A89-432D-9479-880BCCA4CB12}"
EndProject
Global
	GlobalSection(SolutionConfigurationPlatforms) = preSolution
		Debug|Any CPU = Debug|Any CPU
		Release|Any CPU = Release|Any CPU
	EndGlobalSection
	GlobalSection(ProjectConfigurationPlatforms) = postSolution
		{4CD152AD-1DAC-4D02-A2FC-3779BE2FCBCF}.Debug|Any CPU.ActiveCfg = Debug|Any CPU
		{4CD152AD-1DAC-4D02-A2FC-3779BE2FCBCF}.Debug|Any CPU.Build.0 = Debug|Any CPU
		{4CD152AD-1DAC-4D02-A2FC-3779BE2FCBCF}.Release|Any CPU.ActiveCfg = Release|Any CPU
		{4CD152AD-1DAC-4D02-A2FC-3779BE2FCBCF}.Release|Any CPU.Build.0 = Release|Any CPU
		{A2398BE5-9618-4339-90F9-DE6409049FF4}.Debug|Any CPU.ActiveCfg = Debug|Any CPU
		{A2398BE5-9618-4339-90F9-DE6409049FF4}.Debug|Any CPU.Build.0 = Debug|Any CPU
		{A2398BE5-9618-4339-90F9-DE6409049FF4}.Release|Any CPU.ActiveCfg = Release|Any CPU
		{A2398BE5-9618-4339-90F9-DE6409049FF4}.Release|Any CPU.Build.0 = Release|Any CPU
		{180D5258-DC98-4148-9774-8026593F69E2}.Debug|Any CPU.ActiveCfg = Debug|Any CPU
		{180D5258-DC98-4148-9774-8026593F69E2}.Debug|Any CPU.Build.0 = Debug|Any CPU
		{180D5258-DC98-4148-9774-8026593F69E2}.Release|Any CPU.ActiveCfg = Release|Any CPU
		{180D5258-DC98-4148-9774-8026593F69E2}.Release|Any CPU.Build.0 = Release|Any CPU
		{62832AA9-B683-4625-BFD3-64DCFB13E249}.Debug|Any CPU.ActiveCfg = Debug|Any CPU
		{62832AA9-B683-4625-BFD3-64DCFB13E249}.Debug|Any CPU.Build.0 = Debug|Any CPU
		{62832AA9-B683-4625-BFD3-64DCFB13E249}.Release|Any CPU.ActiveCfg = Release|Any CPU
		{62832AA9-B683-4625-BFD3-64DCFB13E249}.Release|Any CPU.Build.0 = Release|Any CPU
		{21EE71A7-0A89-432D-9479-880BCCA4CB12}.Debug|Any CPU.ActiveCfg = Debug|Any CPU
		{21EE71A7-0A89-432D-9479-880BCCA4CB12}.Debug|Any CPU.Build.0 = Debug|Any CPU
		{21EE71A7-0A89-432D-9479-880BCCA4CB12}.Release|Any CPU.ActiveCfg = Release|Any CPU
		{21EE71A7-0A89-432D-9479-880BCCA4CB12}.Release|Any CPU.Build.0 = Release|Any CPU
	EndGlobalSection
	GlobalSection(SolutionProperties) = preSolution
		HideSolutionNode = FALSE
	EndGlobalSection
	GlobalSection(ExtensibilityGlobals) = postSolution
		SolutionGuid = {FF9B41A2-4151-4CA9-B7E1-339E1B01E312}
	EndGlobalSection
EndGlobal
